// !$*UTF8*$!
{
	archiveVersion = 1;
	classes = {
	};
	objectVersion = 46;
	objects = {

/* Begin PBXBuildFile section */
		DCC35A191E22BA8F003BD4C6 /* AppDelegate.swift in Sources */ = {isa = PBXBuildFile; fileRef = DCC35A181E22BA8F003BD4C6 /* AppDelegate.swift */; };
		DCC35A1B1E22BA8F003BD4C6 /* ViewController.swift in Sources */ = {isa = PBXBuildFile; fileRef = DCC35A1A1E22BA8F003BD4C6 /* ViewController.swift */; };
		DCC35A1E1E22BA8F003BD4C6 /* Main.storyboard in Resources */ = {isa = PBXBuildFile; fileRef = DCC35A1C1E22BA8F003BD4C6 /* Main.storyboard */; };
		DCC35A201E22BA8F003BD4C6 /* Assets.xcassets in Resources */ = {isa = PBXBuildFile; fileRef = DCC35A1F1E22BA8F003BD4C6 /* Assets.xcassets */; };
		DCC35A231E22BA8F003BD4C6 /* LaunchScreen.storyboard in Resources */ = {isa = PBXBuildFile; fileRef = DCC35A211E22BA8F003BD4C6 /* LaunchScreen.storyboard */; };
		DCC35A2D1E22C6AA003BD4C6 /* ViewController2ViewController.swift in Sources */ = {isa = PBXBuildFile; fileRef = DCC35A2C1E22C6AA003BD4C6 /* ViewController2ViewController.swift */; };
		DCC35A2F1E22C9DB003BD4C6 /* ViewController3.swift in Sources */ = {isa = PBXBuildFile; fileRef = DCC35A2E1E22C9DB003BD4C6 /* ViewController3.swift */; };
		DCC35A311E22CB30003BD4C6 /* ViewController4.swift in Sources */ = {isa = PBXBuildFile; fileRef = DCC35A301E22CB30003BD4C6 /* ViewController4.swift */; };
		DCC35A331E22CC41003BD4C6 /* ViewController5.swift in Sources */ = {isa = PBXBuildFile; fileRef = DCC35A321E22CC41003BD4C6 /* ViewController5.swift */; };
		DCC35A351E22CEE0003BD4C6 /* ViewController6.swift in Sources */ = {isa = PBXBuildFile; fileRef = DCC35A341E22CEE0003BD4C6 /* ViewController6.swift */; };
/* End PBXBuildFile section */

/* Begin PBXFileReference section */
		DCC35A151E22BA8F003BD4C6 /* Pizza.app */ = {isa = PBXFileReference; explicitFileType = wrapper.application; includeInIndex = 0; path = Pizza.app; sourceTree = BUILT_PRODUCTS_DIR; };
		DCC35A181E22BA8F003BD4C6 /* AppDelegate.swift */ = {isa = PBXFileReference; lastKnownFileType = sourcecode.swift; path = AppDelegate.swift; sourceTree = "<group>"; };
		DCC35A1A1E22BA8F003BD4C6 /* ViewController.swift */ = {isa = PBXFileReference; lastKnownFileType = sourcecode.swift; path = ViewController.swift; sourceTree = "<group>"; };
		DCC35A1D1E22BA8F003BD4C6 /* Base */ = {isa = PBXFileReference; lastKnownFileType = file.storyboard; name = Base; path = Base.lproj/Main.storyboard; sourceTree = "<group>"; };
		DCC35A1F1E22BA8F003BD4C6 /* Assets.xcassets */ = {isa = PBXFileReference; lastKnownFileType = folder.assetcatalog; path = Assets.xcassets; sourceTree = "<group>"; };
		DCC35A221E22BA8F003BD4C6 /* Base */ = {isa = PBXFileReference; lastKnownFileType = file.storyboard; name = Base; path = Base.lproj/LaunchScreen.storyboard; sourceTree = "<group>"; };
		DCC35A241E22BA8F003BD4C6 /* Info.plist */ = {isa = PBXFileReference; lastKnownFileType = text.plist.xml; path = Info.plist; sourceTree = "<group>"; };
		DCC35A2C1E22C6AA003BD4C6 /* ViewController2ViewController.swift */ = {isa = PBXFileReference; fileEncoding = 4; lastKnownFileType = sourcecode.swift; path = ViewController2ViewController.swift; sourceTree = "<group>"; };
		DCC35A2E1E22C9DB003BD4C6 /* ViewController3.swift */ = {isa = PBXFileReference; fileEncoding = 4; lastKnownFileType = sourcecode.swift; path = ViewController3.swift; sourceTree = "<group>"; };
		DCC35A301E22CB30003BD4C6 /* ViewController4.swift */ = {isa = PBXFileReference; fileEncoding = 4; lastKnownFileType = sourcecode.swift; path = ViewController4.swift; sourceTree = "<group>"; };
		DCC35A321E22CC41003BD4C6 /* ViewController5.swift */ = {isa = PBXFileReference; fileEncoding = 4; lastKnownFileType = sourcecode.swift; path = ViewController5.swift; sourceTree = "<group>"; };
		DCC35A341E22CEE0003BD4C6 /* ViewController6.swift */ = {isa = PBXFileReference; fileEncoding = 4; lastKnownFileType = sourcecode.swift; path = ViewController6.swift; sourceTree = "<group>"; };
/* End PBXFileReference section */

/* Begin PBXFrameworksBuildPhase section */
		DCC35A121E22BA8F003BD4C6 /* Frameworks */ = {
			isa = PBXFrameworksBuildPhase;
			buildActionMask = 2147483647;
			files = (
			);
			runOnlyForDeploymentPostprocessing = 0;
		};
/* End PBXFrameworksBuildPhase section */

/* Begin PBXGroup section */
		DCC35A0C1E22BA8F003BD4C6 = {
			isa = PBXGroup;
			children = (
				DCC35A171E22BA8F003BD4C6 /* Pizza */,
				DCC35A161E22BA8F003BD4C6 /* Products */,
			);
			sourceTree = "<group>";
		};
		DCC35A161E22BA8F003BD4C6 /* Products */ = {
			isa = PBXGroup;
			children = (
				DCC35A151E22BA8F003BD4C6 /* Pizza.app */,
			);
			name = Products;
			sourceTree = "<group>";
		};
		DCC35A171E22BA8F003BD4C6 /* Pizza */ = {
			isa = PBXGroup;
			children = (
				DCC35A181E22BA8F003BD4C6 /* AppDelegate.swift */,
				DCC35A1A1E22BA8F003BD4C6 /* ViewController.swift */,
				DCC35A1C1E22BA8F003BD4C6 /* Main.storyboard */,
				DCC35A1F1E22BA8F003BD4C6 /* Assets.xcassets */,
				DCC35A211E22BA8F003BD4C6 /* LaunchScreen.storyboard */,
				DCC35A241E22BA8F003BD4C6 /* Info.plist */,
				DCC35A2C1E22C6AA003BD4C6 /* ViewController2ViewController.swift */,
				DCC35A2E1E22C9DB003BD4C6 /* ViewController3.swift */,
				DCC35A301E22CB30003BD4C6 /* ViewController4.swift */,
				DCC35A321E22CC41003BD4C6 /* ViewController5.swift */,
				DCC35A341E22CEE0003BD4C6 /* ViewController6.swift */,
			);
			path = Pizza;
			sourceTree = "<group>";
		};
/* End PBXGroup section */

/* Begin PBXNativeTarget section */
		DCC35A141E22BA8F003BD4C6 /* Pizza */ = {
			isa = PBXNativeTarget;
			buildConfigurationList = DCC35A271E22BA8F003BD4C6 /* Build configuration list for PBXNativeTarget "Pizza" */;
			buildPhases = (
				DCC35A111E22BA8F003BD4C6 /* Sources */,
				DCC35A121E22BA8F003BD4C6 /* Frameworks */,
				DCC35A131E22BA8F003BD4C6 /* Resources */,
			);
			buildRules = (
			);
			dependencies = (
			);
			name = Pizza;
			productName = Pizza;
			productReference = DCC35A151E22BA8F003BD4C6 /* Pizza.app */;
			productType = "com.apple.product-type.application";
		};
/* End PBXNativeTarget section */

/* Begin PBXProject section */
		DCC35A0D1E22BA8F003BD4C6 /* Project object */ = {
			isa = PBXProject;
			attributes = {
				LastSwiftUpdateCheck = 0810;
				LastUpgradeCheck = 0810;
				ORGANIZATIONNAME = "JESSICA MENDOZA RUIZ";
				TargetAttributes = {
					DCC35A141E22BA8F003BD4C6 = {
						CreatedOnToolsVersion = 8.1;
						ProvisioningStyle = Automatic;
					};
				};
			};
			buildConfigurationList = DCC35A101E22BA8F003BD4C6 /* Build configuration list for PBXProject "Pizza" */;
			compatibilityVersion = "Xcode 3.2";
			developmentRegion = English;
			hasScannedForEncodings = 0;
			knownRegions = (
				en,
				Base,
			);
			mainGroup = DCC35A0C1E22BA8F003BD4C6;
			productRefGroup = DCC35A161E22BA8F003BD4C6 /* Products */;
			projectDirPath = "";
			projectRoot = "";
			targets = (
				DCC35A141E22BA8F003BD4C6 /* Pizza */,
			);
		};
/* End PBXProject section */

/* Begin PBXResourcesBuildPhase section */
		DCC35A131E22BA8F003BD4C6 /* Resources */ = {
			isa = PBXResourcesBuildPhase;
			buildActionMask = 2147483647;
			files = (
				DCC35A231E22BA8F003BD4C6 /* LaunchScreen.storyboard in Resources */,
				DCC35A201E22BA8F003BD4C6 /* Assets.xcassets in Resources */,
				DCC35A1E1E22BA8F003BD4C6 /* Main.storyboard in Resources */,
			);
			runOnlyForDeploymentPostprocessing = 0;
		};
/* End PBXResourcesBuildPhase section */

/* Begin PBXSourcesBuildPhase section */
		DCC35A111E22BA8F003BD4C6 /* Sources */ = {
			isa = PBXSourcesBuildPhase;
			buildActionMask = 2147483647;
			files = (
				DCC35A1B1E22BA8F003BD4C6 /* ViewController.swift in Sources */,
				DCC35A2D1E22C6AA003BD4C6 /* ViewController2ViewController.swift in Sources */,
				DCC35A351E22CEE0003BD4C6 /* ViewController6.swift in Sources */,
				DCC35A2F1E22C9DB003BD4C6 /* ViewController3.swift in Sources */,
				DCC35A191E22BA8F003BD4C6 /* AppDelegate.swift in Sources */,
				DCC35A331E22CC41003BD4C6 /* ViewController5.swift in Sources */,
				DCC35A311E22CB30003BD4C6 /* ViewController4.swift in Sources */,
			);
			runOnlyForDeploymentPostprocessing = 0;
		};
/* End PBXSourcesBuildPhase section */

/* Begin PBXVariantGroup section */
		DCC35A1C1E22BA8F003BD4C6 /* Main.storyboard */ = {
			isa = PBXVariantGroup;
			children = (
				DCC35A1D1E22BA8F003BD4C6 /* Base */,
			);
			name = Main.storyboard;
			sourceTree = "<group>";
		};
		DCC35A211E22BA8F003BD4C6 /* LaunchScreen.storyboard */ = {
			isa = PBXVariantGroup;
			children = (
				DCC35A221E22BA8F003BD4C6 /* Base */,
			);
			name = LaunchScreen.storyboard;
			sourceTree = "<group>";
		};
/* End PBXVariantGroup section */

/* Begin XCBuildConfiguration section */
		DCC35A251E22BA8F003BD4C6 /* Debug */ = {
			isa = XCBuildConfiguration;
			buildSettings = {
				ALWAYS_SEARCH_USER_PATHS = NO;
				CLANG_ANALYZER_NONNULL = YES;
				CLANG_CXX_LANGUAGE_STANDARD = "gnu++0x";
				CLANG_CXX_LIBRARY = "libc++";
				CLANG_ENABLE_MODULES = YES;
				CLANG_ENABLE_OBJC_ARC = YES;
				CLANG_WARN_BOOL_CONVERSION = YES;
				CLANG_WARN_CONSTANT_CONVERSION = YES;
				CLANG_WARN_DIRECT_OBJC_ISA_USAGE = YES_ERROR;
				CLANG_WARN_DOCUMENTATION_COMMENTS = YES;
				CLANG_WARN_EMPTY_BODY = YES;
				CLANG_WARN_ENUM_CONVERSION = YES;
				CLANG_WARN_INFINITE_RECURSION = YES;
				CLANG_WARN_INT_CONVERSION = YES;
				CLANG_WARN_OBJC_ROOT_CLASS = YES_ERROR;
				CLANG_WARN_SUSPICIOUS_MOVES = YES;
				CLANG_WARN_UNREACHABLE_CODE = YES;
				CLANG_WARN__DUPLICATE_METHOD_MATCH = YES;
				"CODE_SIGN_IDENTITY[sdk=iphoneos*]" = "iPhone Developer";
				COPY_PHASE_STRIP = NO;
				DEBUG_INFORMATION_FORMAT = dwarf;
				ENABLE_STRICT_OBJC_MSGSEND = YES;
				ENABLE_TESTABILITY = YES;
				GCC_C_LANGUAGE_STANDARD = gnu99;
				GCC_DYNAMIC_NO_PIC = NO;
				GCC_NO_COMMON_BLOCKS = YES;
				GCC_OPTIMIZATION_LEVEL = 0;
				GCC_PREPROCESSOR_DEFINITIONS = (
					"DEBUG=1",
					"$(inherited)",
				);
				GCC_WARN_64_TO_32_BIT_CONVERSION = YES;
				GCC_WARN_ABOUT_RETURN_TYPE = YES_ERROR;
				GCC_WARN_UNDECLARED_SELECTOR = YES;
				GCC_WARN_UNINITIALIZED_AUTOS = YES_AGGRESSIVE;
				GCC_WARN_UNUSED_FUNCTION = YES;
				GCC_WARN_UNUSED_VARIABLE = YES;
				IPHONEOS_DEPLOYMENT_TARGET = 10.1;
				MTL_ENABLE_DEBUG_INFO = YES;
				ONLY_ACTIVE_ARCH = YES;
				SDKROOT = iphoneos;
				SWIFT_ACTIVE_COMPILATION_CONDITIONS = DEBUG;
				SWIFT_OPTIMIZATION_LEVEL = "-Onone";
				TARGETED_DEVICE_FAMILY = "1,2";
			};
			name = Debug;
		};
		DCC35A261E22BA8F003BD4C6 /* Release */ = {
			isa = XCBuildConfiguration;
			buildSettings = {
				ALWAYS_SEARCH_USER_PATHS = NO;
				CLANG_ANALYZER_NONNULL = YES;
				CLANG_CXX_LANGUAGE_STANDARD = "gnu++0x";
				CLANG_CXX_LIBRARY = "libc++";
				CLANG_ENABLE_MODULES = YES;
				CLANG_ENABLE_OBJC_ARC = YES;
				CLANG_WARN_BOOL_CONVERSION = YES;
				CLANG_WARN_CONSTANT_CONVERSION = YES;
				CLANG_WARN_DIRECT_OBJC_ISA_USAGE = YES_ERROR;
				CLANG_WARN_DOCUMENTATION_COMMENTS = YES;
				CLANG_WARN_EMPTY_BODY = YES;
				CLANG_WARN_ENUM_CONVERSION = YES;
				CLANG_WARN_INFINITE_RECURSION = YES;
				CLANG_WARN_INT_CONVERSION = YES;
				CLANG_WARN_OBJC_ROOT_CLASS = YES_ERROR;
				CLANG_WARN_SUSPICIOUS_MOVES = YES;
				CLANG_WARN_UNREACHABLE_CODE = YES;
				CLANG_WARN__DUPLICATE_METHOD_MATCH = YES;
				"CODE_SIGN_IDENTITY[sdk=iphoneos*]" = "iPhone Developer";
				COPY_PHASE_STRIP = NO;
				DEBUG_INFORMATION_FORMAT = "dwarf-with-dsym";
				ENABLE_NS_ASSERTIONS = NO;
				ENABLE_STRICT_OBJC_MSGSEND = YES;
				GCC_C_LANGUAGE_STANDARD = gnu99;
				GCC_NO_COMMON_BLOCKS = YES;
				GCC_WARN_64_TO_32_BIT_CONVERSION = YES;
				GCC_WARN_ABOUT_RETURN_TYPE = YES_ERROR;
				GCC_WARN_UNDECLARED_SELECTOR = YES;
				GCC_WARN_UNINITIALIZED_AUTOS = YES_AGGRESSIVE;
				GCC_WARN_UNUSED_FUNCTION = YES;
				GCC_WARN_UNUSED_VARIABLE = YES;
				IPHONEOS_DEPLOYMENT_TARGET = 10.1;
				MTL_ENABLE_DEBUG_INFO = NO;
				SDKROOT = iphoneos;
				SWIFT_OPTIMIZATION_LEVEL = "-Owholemodule";
				TARGETED_DEVICE_FAMILY = "1,2";
				VALIDATE_PRODUCT = YES;
			};
			name = Release;
		};
		DCC35A281E22BA8F003BD4C6 /* Debug */ = {
			isa = XCBuildConfiguration;
			buildSettings = {
				ASSETCATALOG_COMPILER_APPICON_NAME = AppIcon;
				INFOPLIST_FILE = Pizza/Info.plist;
				LD_RUNPATH_SEARCH_PATHS = "$(inherited) @executable_path/Frameworks";
				PRODUCT_BUNDLE_IDENTIFIER = j.Pizza;
				PRODUCT_NAME = "$(TARGET_NAME)";
				SWIFT_VERSION = 3.0;
			};
			name = Debug;
		};
		DCC35A291E22BA8F003BD4C6 /* Release */ = {
			isa = XCBuildConfiguration;
			buildSettings = {
				ASSETCATALOG_COMPILER_APPICON_NAME = AppIcon;
				INFOPLIST_FILE = Pizza/Info.plist;
				LD_RUNPATH_SEARCH_PATHS = "$(inherited) @executable_path/Frameworks";
				PRODUCT_BUNDLE_IDENTIFIER = j.Pizza;
				PRODUCT_NAME = "$(TARGET_NAME)";
				SWIFT_VERSION = 3.0;
			};
			name = Release;
		};
/* End XCBuildConfiguration section */

/* Begin XCConfigurationList section */
		DCC35A101E22BA8F003BD4C6 /* Build configuration list for PBXProject "Pizza" */ = {
			isa = XCConfigurationList;
			buildConfigurations = (
				DCC35A251E22BA8F003BD4C6 /* Debug */,
				DCC35A261E22BA8F003BD4C6 /* Release */,
			);
			defaultConfigurationIsVisible = 0;
			defaultConfigurationName = Release;
		};
		DCC35A271E22BA8F003BD4C6 /* Build configuration list for PBXNativeTarget "Pizza" */ = {
			isa = XCConfigurationList;
			buildConfigurations = (
				DCC35A281E22BA8F003BD4C6 /* Debug */,
				DCC35A291E22BA8F003BD4C6 /* Release */,
			);
			defaultConfigurationIsVisible = 0;
		};
/* End XCConfigurationList section */
	};
	rootObject = DCC35A0D1E22BA8F003BD4C6 /* Project object */;
}
